%{
  "ash": {:hex, :ash, "3.33.0", "ffbf9c14d00135cd2ae53199a5d00a1a3c456b69c0b74fc53bd2aba771eb879f", [:mix], [{:crux, ">= 0.1.2 and < 1.0.0-0", [hex: :crux, repo: "hexpm", optional: false]}, {:decimal, "~> 2.0 or ~> 3.0", [hex: :decimal, repo: "hexpm", optional: false]}, {:ecto, "~> 3.14", [hex: :ecto, repo: "hexpm", optional: false]}, {:ets, "~> 0.8", [hex: :ets, repo: "hexpm", optional: false]}, {:igniter, ">= 0.6.29 and < 1.0.0-0", [hex: :igniter, repo: "hexpm", optional: true]}, {:jason, ">= 1.0.0", [hex: :jason, repo: "hexpm", optional: false]}, {:picosat_elixir, "~> 0.2", [hex: :picosat_elixir, repo: "hexpm", optional: true]}, {:plug, ">= 0.0.0", [hex: :plug, repo: "hexpm", optional: true]}, {:reactor, "~> 1.0", [hex: :reactor, repo: "hexpm", optional: false]}, {:simple_sat, ">= 0.1.1 and < 1.0.0-0", [hex: :simple_sat, repo: "hexpm", optional: true]}, {:spark, ">= 2.6.0", [hex: :spark, repo: "hexpm", optional: false]}, {:splode, "~> 0.3", [hex: :splode, repo: "hexpm", optional: false]}, {:stream_data, "~> 1.0", [hex: :stream_data, repo: "hexpm", optional: false]}, {:telemetry, "~> 1.1", [hex: :telemetry, repo: "hexpm", optional: false]}], "hexpm", "a1b313eefd0e04aa626d4e54313aadec17f3d82422f75d45e66c2736b807bf00"},
  "ash_oban": {:hex, :ash_oban, "0.8.14", "cc3cfc81f87e49275c3db43d3ea3a54f10e70eb37273e224fd8918871681d59d", [:mix], [{:ash, "~> 3.8", [hex: :ash, repo: "hexpm", optional: false]}, {:oban, "~> 2.20", [hex: :oban, repo: "hexpm", optional: false]}, {:postgrex, "~> 0.18", [hex: :postgrex, repo: "hexpm", optional: false]}], "hexpm", "d3002ba8be675257393e6d6719a871c502f39c6c0901bfbeef9eb62c06838279"},
  "ash_state_machine": {:hex, :ash_state_machine, "0.2.13", "e1c368ebf01ef73477739ee76d53e513d073b141ec11e7bf7f91d8f2d8fc9569", [:mix], [{:ash, ">= 3.4.66 and < 4.0.0-0", [hex: :ash, repo: "hexpm", optional: false]}], "hexpm", "aa21c92a8950850df69b5205bf41efc1e502f5ab839425ba08561f0421c9f226"},
  "crux": {:hex, :crux, "0.1.4", "1fa21f5ca886d3498f83871a3ef19379b80abf8cfcf2ed32007e80279e714f1e", [:mix], [{:picosat_elixir, "~> 0.2", [hex: :picosat_elixir, repo: "hexpm", optional: true]}, {:simple_sat, ">= 0.1.1 and < 1.0.0-0", [hex: :simple_sat, repo: "hexpm", optional: true]}, {:stream_data, "~> 1.0", [hex: :stream_data, repo: "hexpm", optional: true]}], "hexpm", "ff7d880cf732d82360aa81e439b8d4831cd30768061c9233f90c97e10162b9c0"},
  "db_connection": {:hex, :db_connection, "2.10.2", "ae391e803a5adff104da913c2fc1c0c14a37f8b10001dcef568796e1fb7bf95c", [:mix], [{:telemetry, "~> 0.4 or ~> 1.0", [hex: :telemetry, repo: "hexpm", optional: false]}], "hexpm", "510b14482330f1af6490a2fa0efd8d4f1435d1529b165647df22ac0f2df0fa93"},
  "decimal": {:hex, :decimal, "3.1.1", "430d87b04011ce6cbd4fd205be758311a81f87d552d40904abd00f015935b1d0", [:mix], [], "hexpm", "c5f25f2ced74a0587d03e6023f595db8e924c9d3922c8c8ffd9edfc4498cf1f6"},
  "earmark_parser": {:hex, :earmark_parser, "1.4.46", "67607a0532e810c6f630a515c548d0b24949643f168cc556303bee4cf96105c7", [:mix], [], "hexpm", "9c44636e8a1c68c62f526b2dcd85d941dbbcee7ab82cf64ba06ce28bef8e89f5"},
  "ecto": {:hex, :ecto, "3.14.2", "99db28a864293a789c970651de711e3cae184291e0e7ea1166c54055ac41c1f3", [:mix], [{:decimal, "~> 3.0", [hex: :decimal, repo: "hexpm", optional: false]}, {:jason, "~> 1.0", [hex: :jason, repo: "hexpm", optional: true]}, {:telemetry, "~> 0.4 or ~> 1.0", [hex: :telemetry, repo: "hexpm", optional: false]}], "hexpm", "25d60b8c816a07d19d85b80bdf60978bd8b102209dda198d768cd7c6745339a6"},
  "ecto_sql": {:hex, :ecto_sql, "3.14.0", "06446ab8410d2f85bfbb80857ee224ab3b693700cbb38f6535d507449a627b2e", [:mix], [{:db_connection, "~> 2.9", [hex: :db_connection, repo: "hexpm", optional: false]}, {:decimal, "~> 3.0", [hex: :decimal, repo: "hexpm", optional: false]}, {:ecto, "~> 3.14.0", [hex: :ecto, repo: "hexpm", optional: false]}, {:myxql, "~> 0.8", [hex: :myxql, repo: "hexpm", optional: true]}, {:postgrex, "~> 0.19 or ~> 1.0", [hex: :postgrex, repo: "hexpm", optional: true]}, {:tds, "~> 2.1.1 or ~> 2.2", [hex: :tds, repo: "hexpm", optional: true]}, {:telemetry, "~> 0.4.0 or ~> 1.0", [hex: :telemetry, repo: "hexpm", optional: false]}], "hexpm", "f4d8d36faf294c9417b5a37ec7ac8217ee2abdef5fcf197ba690f361548d3949"},
  "ets": {:hex, :ets, "0.9.0", "79c6a6c205436780486f72d84230c6cba2f8a9920456750ddd1e47389107d5fd", [:mix], [], "hexpm", "2861fdfb04bcaeff370f1a5904eec864f0a56dcfebe5921ea9aadf2a481c822b"},
  "ex_doc": {:hex, :ex_doc, "0.40.4", "66f2e42bf588594d5a8aab31cad87f2ddad09d0da1b1a2f379340ec2c2e497cb", [:mix], [{:earmark_parser, "~> 1.4.46", [hex: :earmark_parser, repo: "hexpm", optional: false]}, {:makeup_c, ">= 0.1.0", [hex: :makeup_c, repo: "hexpm", optional: true]}, {:makeup_elixir, "~> 0.14 or ~> 1.0", [hex: :makeup_elixir, repo: "hexpm", optional: false]}, {:makeup_erlang, "~> 0.1 or ~> 1.0", [hex: :makeup_erlang, repo: "hexpm", optional: false]}, {:makeup_html, ">= 0.1.0", [hex: :makeup_html, repo: "hexpm", optional: true]}], "hexpm", "6222b9e423d76584ee34df2c82a5ed72c2d53dc153f7f483ad28b378694186cc"},
  "iterex": {:hex, :iterex, "0.1.2", "58f9b9b9a22a55cbfc7b5234a9c9c63eaac26d276b3db80936c0e1c60355a5a6", [:mix], [], "hexpm", "2e103b8bcc81757a9af121f6dc0df312c9a17220f302b1193ef720460d03029d"},
  "jason": {:hex, :jason, "1.4.5", "2e3a008590b0b8d7388c20293e9dcc9cf3e5d642fd2a114e4cbbb52e595d940a", [:mix], [{:decimal, "~> 1.0 or ~> 2.0 or ~> 3.0", [hex: :decimal, repo: "hexpm", optional: true]}], "hexpm", "b0c823996102bcd0239b3c2444eb00409b72f6a140c1950bc8b457d836b30684"},
  "makeup": {:hex, :makeup, "1.2.2", "882d46dc0905e9ff7abf2aab61a7e6b3dcc555533977d8a23b06019e6c89ac94", [:mix], [{:nimble_parsec, "~> 1.4", [hex: :nimble_parsec, repo: "hexpm", optional: false]}], "hexpm", "9a1a24e5b343b8ae16abea0822c10a6f75da27af7fa802ada5251f7579bfccfa"},
  "makeup_elixir": {:hex, :makeup_elixir, "1.0.1", "e928a4f984e795e41e3abd27bfc09f51db16ab8ba1aebdba2b3a575437efafc2", [:mix], [{:makeup, "~> 1.0", [hex: :makeup, repo: "hexpm", optional: false]}, {:nimble_parsec, "~> 1.2.3 or ~> 1.3", [hex: :nimble_parsec, repo: "hexpm", optional: false]}], "hexpm", "7284900d412a3e5cfd97fdaed4f5ed389b8f2b4cb49efc0eb3bd10e2febf9507"},
  "makeup_erlang": {:hex, :makeup_erlang, "1.1.0", "835f7e60792e08824cda445639555d7bf1bbbddb1b60b306e33cb6f6db24dc74", [:mix], [{:makeup, "~> 1.0", [hex: :makeup, repo: "hexpm", optional: false]}], "hexpm", "1cd6780fb1dd1a03979abaed0fe82712b0625118fd5257d3ebbf73f960c73c3c"},
  "multigraph": {:hex, :multigraph, "0.16.1-mg.4", "2bbe149f5411b0e3bf0624c7bf2e3da2738efeac2f9a67bbbcb807ab171f0a76", [:mix], [], "hexpm", "b9f3e2577cef4658eeedf97c76d22a86d33a7aab702a93c1da9c122e849e9037"},
  "nimble_parsec": {:hex, :nimble_parsec, "1.4.2", "8efba0122db06df95bfaa78f791344a89352ba04baedd3849593bfce4d0dc1c6", [:mix], [], "hexpm", "4b21398942dda052b403bbe1da991ccd03a053668d147d53fb8c4e0efe09c973"},
  "oban": {:hex, :oban, "2.24.1", "2a609c54697ad2c44ba339df30491df2a40eda0758c95b5b879426e4e478bd1f", [:mix], [{:ecto_sql, "~> 3.10", [hex: :ecto_sql, repo: "hexpm", optional: false]}, {:ecto_sqlite3, "~> 0.9", [hex: :ecto_sqlite3, repo: "hexpm", optional: true]}, {:igniter, "~> 0.5", [hex: :igniter, repo: "hexpm", optional: true]}, {:jason, "~> 1.1", [hex: :jason, repo: "hexpm", optional: true]}, {:myxql, "~> 0.7", [hex: :myxql, repo: "hexpm", optional: true]}, {:postgrex, "~> 0.20", [hex: :postgrex, repo: "hexpm", optional: true]}, {:telemetry, "~> 1.3", [hex: :telemetry, repo: "hexpm", optional: false]}], "hexpm", "ef8482472cf198554400b7f8e36a0ffee75c3a64de425d5c7ee625d271925ac7"},
  "postgrex": {:hex, :postgrex, "0.22.4", "d271f595dfd25230b6398354e19d17bb5e2d20130fd2d9bdca7e15f125d43552", [:mix], [{:db_connection, "~> 2.9", [hex: :db_connection, repo: "hexpm", optional: false]}, {:decimal, "~> 1.5 or ~> 2.0 or ~> 3.0", [hex: :decimal, repo: "hexpm", optional: false]}, {:jason, "~> 1.0", [hex: :jason, repo: "hexpm", optional: true]}, {:table, "~> 0.1.0", [hex: :table, repo: "hexpm", optional: true]}], "hexpm", "4aae45a2d60e35b04eea2602440be152fae332901f1fc7a60fc7cb7f0f9a9c5a"},
  "reactor": {:hex, :reactor, "1.0.6", "546a87255693bcee99451d022cc86927161cdb527f5216d4dcac2b31e08eb122", [:mix], [{:igniter, "~> 0.4", [hex: :igniter, repo: "hexpm", optional: true]}, {:iterex, "~> 0.1", [hex: :iterex, repo: "hexpm", optional: false]}, {:jason, "~> 1.0", [hex: :jason, repo: "hexpm", optional: false]}, {:multigraph, "~> 0.16.1-mg.2", [hex: :multigraph, repo: "hexpm", optional: false]}, {:spark, ">= 2.3.3 and < 3.0.0-0", [hex: :spark, repo: "hexpm", optional: false]}, {:splode, "~> 0.2", [hex: :splode, repo: "hexpm", optional: false]}, {:telemetry, "~> 1.2", [hex: :telemetry, repo: "hexpm", optional: false]}, {:yaml_elixir, "~> 2.11", [hex: :yaml_elixir, repo: "hexpm", optional: false]}, {:ymlr, "~> 5.0", [hex: :ymlr, repo: "hexpm", optional: false]}], "hexpm", "e3f8fd8e870c2b011316ca2ac422bb4bc710cac9f02c578f8526f7a6348d932b"},
  "simple_sat": {:hex, :simple_sat, "0.1.4", "39baf72cdca14f93c0b6ce2b6418b72bbb67da98fa9ca4384e2f79bbc299899d", [:mix], [], "hexpm", "3569b68e346a5fd7154b8d14173ff8bcc829f2eb7b088c30c3f42a383443930b"},
  "sourceror": {:hex, :sourceror, "1.12.2", "85bfd48159f020c0cbfc72f289f11456fdc05dc43719b6f2589fb969faefa113", [:mix], [], "hexpm", "da37d3da09c5b890528802c7056a8f585a061973820d7656b6e3649c14f0e9cb"},
  "spark": {:hex, :spark, "2.7.2", "36becc6ff03b40908cc821d403d7f06d893498e293d2f718afc6ca097fcb9d93", [:mix], [{:igniter, ">= 0.3.64 and < 1.0.0-0", [hex: :igniter, repo: "hexpm", optional: true]}, {:jason, "~> 1.4", [hex: :jason, repo: "hexpm", optional: true]}, {:sourceror, "~> 1.2", [hex: :sourceror, repo: "hexpm", optional: true]}], "hexpm", "adb323ddbf9dbbe326f9e5def54ac96c47911e852b2c270bb19a5147c56f1b45"},
  "splode": {:hex, :splode, "0.3.2", "7716b6b2260a98a6f018c65cc0393da2cdf17314202eb351a0956e8762190dff", [:mix], [], "hexpm", "08fd658f80da7f1cd254b149164dcff8acd44b22f032001d5416b97223d32bc9"},
  "stream_data": {:hex, :stream_data, "1.4.0", "026f929db613aabea6208012ae9b8970d3fd5f88b3bdf26831bc536f98c42036", [:mix], [], "hexpm", "2b0ee3a340dcce1c8cf6302a763ee757d1e01c54d6e16d9069062509d68b1dc9"},
  "telemetry": {:hex, :telemetry, "1.4.2", "a0cb522801dffb1c49fe6e30561badffc7b6d0e180db1300df759faa22062855", [:rebar3], [], "hexpm", "928f6495066506077862c0d1646609eed891a4326bee3126ba54b60af61febb1"},
  "yamerl": {:hex, :yamerl, "0.10.0", "4ff81fee2f1f6a46f1700c0d880b24d193ddb74bd14ef42cb0bcf46e81ef2f8e", [:rebar3], [], "hexpm", "346adb2963f1051dc837a2364e4acf6eb7d80097c0f53cbdc3046ec8ec4b4e6e"},
  "yaml_elixir": {:hex, :yaml_elixir, "2.12.2", "9dd1330fb4cd9a36a7b0f502e5b12486eff632792ee4a5f0eba52a4d4ec32c9c", [:mix], [{:yamerl, "~> 0.10", [hex: :yamerl, repo: "hexpm", optional: false]}], "hexpm", "e7c1b10122f973e6558462d51c39026ba0e14afbc6745318e990ea82cfe9e159"},
  "ymlr": {:hex, :ymlr, "5.1.6", "247479328fd5ea1e222ee59ecd5571ab2885cf1a6329aea458d4944cd035cfc1", [:mix], [], "hexpm", "b36d7c72384d2cb2094d2a3c8b0c3b12303e0ccd1b7b12333b81d75b1fe0b53a"},
}
